
Microsoft Visual Studio Solution File, Format Version 12.00
Project("{FAE04EC0-301F-11D3-BF4B-00C04F79EFBC}") = "BreakMeCompletely", "BreakMeCompletely\BreakMeCompletely.csproj", "{5CE6386F-6ED5-4C8C-A422-E0856D1103FF}"
EndProject
Project("{FAE04EC0-301F-11D3-BF4B-00C04F79EFBC}") = "OperationbI", "OperationbI\OperationbI.csproj", "{97330FCA-F537-4C1D-B49A-2659DA3DA650}"
EndProject
Project("{FAE04EC0-301F-11D3-BF4B-00C04F79EFBC}") = "IJustNeedToAsk", "IJustNeedToAsk\IJustNeedToAsk.csproj", "{3A86A99F-4AD2-499D-AAC0-6900828FB6AF}"
EndProject
Global
	GlobalSection(SolutionConfigurationPlatforms) = preSolution
		Debug|Any CPU = Debug|Any CPU
		Release|Any CPU = Release|Any CPU
	EndGlobalSection
	GlobalSection(ProjectConfigurationPlatforms) = postSolution
		{5CE6386F-6ED5-4C8C-A422-E0856D1103FF}.Debug|Any CPU.ActiveCfg = Debug|Any CPU
		{5CE6386F-6ED5-4C8C-A422-E0856D1103FF}.Debug|Any CPU.Build.0 = Debug|Any CPU
		{5CE6386F-6ED5-4C8C-A422-E0856D1103FF}.Release|Any CPU.ActiveCfg = Release|Any CPU
		{5CE6386F-6ED5-4C8C-A422-E0856D1103FF}.Release|Any CPU.Build.0 = Release|Any CPU
		{97330FCA-F537-4C1D-B49A-2659DA3DA650}.Debug|Any CPU.ActiveCfg = Debug|Any CPU
		{97330FCA-F537-4C1D-B49A-2659DA3DA650}.Debug|Any CPU.Build.0 = Debug|Any CPU
		{97330FCA-F537-4C1D-B49A-2659DA3DA650}.Release|Any CPU.ActiveCfg = Release|Any CPU
		{97330FCA-F537-4C1D-B49A-2659DA3DA650}.Release|Any CPU.Build.0 = Release|Any CPU
		{3A86A99F-4AD2-499D-AAC0-6900828FB6AF}.Debug|Any CPU.ActiveCfg = Debug|Any CPU
		{3A86A99F-4AD2-499D-AAC0-6900828FB6AF}.Debug|Any CPU.Build.0 = Debug|Any CPU
		{3A86A99F-4AD2-499D-AAC0-6900828FB6AF}.Release|Any CPU.ActiveCfg = Release|Any CPU
		{3A86A99F-4AD2-499D-AAC0-6900828FB6AF}.Release|Any CPU.Build.0 = Release|Any CPU
	EndGlobalSection
EndGlobal
